// !$*UTF8*$!
{
	archiveVersion = 1;
	classes = {
	};
	objectVersion = 46;
	objects = {

/* Begin PBXBuildFile section */
		139D3D551532132DEF30798A /* libPods-CocoaPods-Token.a in Frameworks */ = {isa = PBXBuildFile; fileRef = 9DBE29B1DAF5045495225177 /* libPods-CocoaPods-Token.a */; };
		141D1D2B1E2D035F0047A306 /* MessagesEthereumView.swift in Sources */ = {isa = PBXBuildFile; fileRef = 141D1D2A1E2D035F0047A306 /* MessagesEthereumView.swift */; };
		14D3E6A11E2E5A1800AE7691 /* EthereumAPIClient.swift in Sources */ = {isa = PBXBuildFile; fileRef = 14D3E6A01E2E5A1800AE7691 /* EthereumAPIClient.swift */; };
		9F5F29761E26772B00C652A3 /* ChatsTableController.swift in Sources */ = {isa = PBXBuildFile; fileRef = 9F5F29751E26772B00C652A3 /* ChatsTableController.swift */; };
		9F5F297A1E26774100C652A3 /* MessagingNavigationController.swift in Sources */ = {isa = PBXBuildFile; fileRef = 9F5F29781E26774100C652A3 /* MessagingNavigationController.swift */; };
		9F5F297E1E2677F200C652A3 /* MessagesViewController.swift in Sources */ = {isa = PBXBuildFile; fileRef = 9F5F297D1E2677F200C652A3 /* MessagesViewController.swift */; };
		9F9238B61E24F1D2004BEEE0 /* main.m in Sources */ = {isa = PBXBuildFile; fileRef = 9F9238B51E24F1D2004BEEE0 /* main.m */; };
		9F9238B91E24F1D2004BEEE0 /* AppDelegate.m in Sources */ = {isa = PBXBuildFile; fileRef = 9F9238B81E24F1D2004BEEE0 /* AppDelegate.m */; };
		9F9238C11E24F1D2004BEEE0 /* Assets.xcassets in Resources */ = {isa = PBXBuildFile; fileRef = 9F9238C01E24F1D2004BEEE0 /* Assets.xcassets */; };
		9F9238C41E24F1D2004BEEE0 /* LaunchScreen.storyboard in Resources */ = {isa = PBXBuildFile; fileRef = 9F9238C21E24F1D2004BEEE0 /* LaunchScreen.storyboard */; };
		9F9238D41E24F42A004BEEE0 /* ChatTableViewCell.swift in Sources */ = {isa = PBXBuildFile; fileRef = 9F9238D31E24F42A004BEEE0 /* ChatTableViewCell.swift */; };
		9F9238E01E24F604004BEEE0 /* EtherealCereal.framework in Frameworks */ = {isa = PBXBuildFile; fileRef = 9F9238D81E24F604004BEEE0 /* EtherealCereal.framework */; };
		9F9238E11E24F604004BEEE0 /* JSQMessages.framework in Frameworks */ = {isa = PBXBuildFile; fileRef = 9F9238D91E24F604004BEEE0 /* JSQMessages.framework */; };
		9F9238E21E24F604004BEEE0 /* Networking.framework in Frameworks */ = {isa = PBXBuildFile; fileRef = 9F9238DA1E24F604004BEEE0 /* Networking.framework */; };
		9F9238E31E24F604004BEEE0 /* SweetFoundation.framework in Frameworks */ = {isa = PBXBuildFile; fileRef = 9F9238DB1E24F604004BEEE0 /* SweetFoundation.framework */; };
		9F9238E41E24F604004BEEE0 /* SweetUIKit.framework in Frameworks */ = {isa = PBXBuildFile; fileRef = 9F9238DC1E24F604004BEEE0 /* SweetUIKit.framework */; };
		9F9238E71E24F6CD004BEEE0 /* EtherealCereal.framework in Copy Carthage Frameworks */ = {isa = PBXBuildFile; fileRef = 9F9238D81E24F604004BEEE0 /* EtherealCereal.framework */; settings = {ATTRIBUTES = (CodeSignOnCopy, RemoveHeadersOnCopy, ); }; };
		9F9238E81E24F6CD004BEEE0 /* JSQMessages.framework in Copy Carthage Frameworks */ = {isa = PBXBuildFile; fileRef = 9F9238D91E24F604004BEEE0 /* JSQMessages.framework */; settings = {ATTRIBUTES = (CodeSignOnCopy, RemoveHeadersOnCopy, ); }; };
		9F9238E91E24F6CD004BEEE0 /* Networking.framework in Copy Carthage Frameworks */ = {isa = PBXBuildFile; fileRef = 9F9238DA1E24F604004BEEE0 /* Networking.framework */; settings = {ATTRIBUTES = (CodeSignOnCopy, RemoveHeadersOnCopy, ); }; };
		9F9238EA1E24F6CD004BEEE0 /* SweetFoundation.framework in Copy Carthage Frameworks */ = {isa = PBXBuildFile; fileRef = 9F9238DB1E24F604004BEEE0 /* SweetFoundation.framework */; settings = {ATTRIBUTES = (CodeSignOnCopy, RemoveHeadersOnCopy, ); }; };
		9F9238EB1E24F6CD004BEEE0 /* SweetUIKit.framework in Copy Carthage Frameworks */ = {isa = PBXBuildFile; fileRef = 9F9238DC1E24F604004BEEE0 /* SweetUIKit.framework */; settings = {ATTRIBUTES = (CodeSignOnCopy, RemoveHeadersOnCopy, ); }; };
		9F9238FB1E24F9BF004BEEE0 /* Cereal.swift in Sources */ = {isa = PBXBuildFile; fileRef = 9F9238FA1E24F9BF004BEEE0 /* Cereal.swift */; };
		9FC72A2E1E250ACA00EF1141 /* PromiseKit.framework in Frameworks */ = {isa = PBXBuildFile; fileRef = 9FC72A2D1E250ACA00EF1141 /* PromiseKit.framework */; };
		9FC72A2F1E250ACF00EF1141 /* PromiseKit.framework in Copy Carthage Frameworks */ = {isa = PBXBuildFile; fileRef = 9FC72A2D1E250ACA00EF1141 /* PromiseKit.framework */; settings = {ATTRIBUTES = (CodeSignOnCopy, RemoveHeadersOnCopy, ); }; };
		9FC72A341E250E2D00EF1141 /* UserBootstrapParameters.swift in Sources */ = {isa = PBXBuildFile; fileRef = 9FC72A331E250E2D00EF1141 /* UserBootstrapParameters.swift */; };
		9FC72A3A1E25145D00EF1141 /* CryptoTools.m in Sources */ = {isa = PBXBuildFile; fileRef = 9FC72A391E25145D00EF1141 /* CryptoTools.m */; };
		9FC72A3D1E251ACC00EF1141 /* ChatAPIClient.swift in Sources */ = {isa = PBXBuildFile; fileRef = 9FC72A3C1E251ACC00EF1141 /* ChatAPIClient.swift */; };
		9FC72A441E252CFA00EF1141 /* ContactsManager.m in Sources */ = {isa = PBXBuildFile; fileRef = 9FC72A431E252CFA00EF1141 /* ContactsManager.m */; };
		9FCDBAC71E27B3AE00A70E07 /* token.cer in Resources */ = {isa = PBXBuildFile; fileRef = 9FCDBAC61E27B37F00A70E07 /* token.cer */; };
		9FCDBACA1E27C17500A70E07 /* NotificationsManager.m in Sources */ = {isa = PBXBuildFile; fileRef = 9FCDBAC91E27C17500A70E07 /* NotificationsManager.m */; };
		9FCDBACD1E27C24400A70E07 /* PushManager.m in Sources */ = {isa = PBXBuildFile; fileRef = 9FCDBACC1E27C24400A70E07 /* PushManager.m */; };
		9FCDBAD11E27C2B200A70E07 /* NotificationTracker.m in Sources */ = {isa = PBXBuildFile; fileRef = 9FCDBAD01E27C2B200A70E07 /* NotificationTracker.m */; };
		9FCDBAD41E27DE8800A70E07 /* Yap.swift in Sources */ = {isa = PBXBuildFile; fileRef = 9FCDBAD31E27DE8800A70E07 /* Yap.swift */; };
		9FCDBAD61E28D46E00A70E07 /* KeychainSwift.framework in Frameworks */ = {isa = PBXBuildFile; fileRef = 9FCDBAD51E28D46E00A70E07 /* KeychainSwift.framework */; };
		9FCDBAD71E28D47F00A70E07 /* KeychainSwift.framework in Copy Carthage Frameworks */ = {isa = PBXBuildFile; fileRef = 9FCDBAD51E28D46E00A70E07 /* KeychainSwift.framework */; settings = {ATTRIBUTES = (CodeSignOnCopy, RemoveHeadersOnCopy, ); }; };
		9FCDBAD91E28D7D800A70E07 /* idAPIClient.swift in Sources */ = {isa = PBXBuildFile; fileRef = 9FCDBAD81E28D7D800A70E07 /* idAPIClient.swift */; };
		9FCDBADB1E28D97D00A70E07 /* UserIDRegistrationParameters.swift in Sources */ = {isa = PBXBuildFile; fileRef = 9FCDBADA1E28D97D00A70E07 /* UserIDRegistrationParameters.swift */; };
		9FCDBADD1E28E57100A70E07 /* User.swift in Sources */ = {isa = PBXBuildFile; fileRef = 9FCDBADC1E28E57100A70E07 /* User.swift */; };
		9FCDBADF1E28E6DC00A70E07 /* TabBarController.swift in Sources */ = {isa = PBXBuildFile; fileRef = 9FCDBADE1E28E6DC00A70E07 /* TabBarController.swift */; };
		9FCDBAE31E28E71900A70E07 /* ContactsController.swift in Sources */ = {isa = PBXBuildFile; fileRef = 9FCDBAE01E28E71900A70E07 /* ContactsController.swift */; };
		9FCDBAE41E28E71900A70E07 /* ExtensionsController.swift in Sources */ = {isa = PBXBuildFile; fileRef = 9FCDBAE11E28E71900A70E07 /* ExtensionsController.swift */; };
		9FCDBAE51E28E71900A70E07 /* ProfileController.swift in Sources */ = {isa = PBXBuildFile; fileRef = 9FCDBAE21E28E71900A70E07 /* ProfileController.swift */; };
		9FCDBAEA1E28FD5C00A70E07 /* Theme.swift in Sources */ = {isa = PBXBuildFile; fileRef = 9FCDBAE91E28FD5C00A70E07 /* Theme.swift */; };
		9FCDBAEC1E28FE4100A70E07 /* RootNavigationController.swift in Sources */ = {isa = PBXBuildFile; fileRef = 9FCDBAEB1E28FE4100A70E07 /* RootNavigationController.swift */; };
		9FCDBAEE1E29020100A70E07 /* Reveal.framework in Frameworks */ = {isa = PBXBuildFile; fileRef = 9FCDBAED1E29020100A70E07 /* Reveal.framework */; };
/* End PBXBuildFile section */

/* Begin PBXCopyFilesBuildPhase section */
		9F9238E61E24F6A5004BEEE0 /* Copy Carthage Frameworks */ = {
			isa = PBXCopyFilesBuildPhase;
			buildActionMask = 2147483647;
			dstPath = "";
			dstSubfolderSpec = 10;
			files = (
				9F9238E71E24F6CD004BEEE0 /* EtherealCereal.framework in Copy Carthage Frameworks */,
				9FC72A2F1E250ACF00EF1141 /* PromiseKit.framework in Copy Carthage Frameworks */,
				9F9238E81E24F6CD004BEEE0 /* JSQMessages.framework in Copy Carthage Frameworks */,
				9FCDBAD71E28D47F00A70E07 /* KeychainSwift.framework in Copy Carthage Frameworks */,
				9F9238E91E24F6CD004BEEE0 /* Networking.framework in Copy Carthage Frameworks */,
				9F9238EA1E24F6CD004BEEE0 /* SweetFoundation.framework in Copy Carthage Frameworks */,
				9F9238EB1E24F6CD004BEEE0 /* SweetUIKit.framework in Copy Carthage Frameworks */,
			);
			name = "Copy Carthage Frameworks";
			runOnlyForDeploymentPostprocessing = 0;
		};
/* End PBXCopyFilesBuildPhase section */

/* Begin PBXFileReference section */
		141D1D2A1E2D035F0047A306 /* MessagesEthereumView.swift */ = {isa = PBXFileReference; fileEncoding = 4; lastKnownFileType = sourcecode.swift; path = MessagesEthereumView.swift; sourceTree = "<group>"; };
		14D3E6A01E2E5A1800AE7691 /* EthereumAPIClient.swift */ = {isa = PBXFileReference; fileEncoding = 4; lastKnownFileType = sourcecode.swift; path = EthereumAPIClient.swift; sourceTree = "<group>"; };
		3BB9C4D974A425E4ED6CCF4B /* Pods-CocoaPods-Token.release.xcconfig */ = {isa = PBXFileReference; includeInIndex = 1; lastKnownFileType = text.xcconfig; name = "Pods-CocoaPods-Token.release.xcconfig"; path = "Pods/Target Support Files/Pods-CocoaPods-Token/Pods-CocoaPods-Token.release.xcconfig"; sourceTree = "<group>"; };
		9DBE29B1DAF5045495225177 /* libPods-CocoaPods-Token.a */ = {isa = PBXFileReference; explicitFileType = archive.ar; includeInIndex = 0; path = "libPods-CocoaPods-Token.a"; sourceTree = BUILT_PRODUCTS_DIR; };
		9F5F29751E26772B00C652A3 /* ChatsTableController.swift */ = {isa = PBXFileReference; fileEncoding = 4; lastKnownFileType = sourcecode.swift; path = ChatsTableController.swift; sourceTree = "<group>"; };
		9F5F29781E26774100C652A3 /* MessagingNavigationController.swift */ = {isa = PBXFileReference; fileEncoding = 4; lastKnownFileType = sourcecode.swift; path = MessagingNavigationController.swift; sourceTree = "<group>"; };
		9F5F297D1E2677F200C652A3 /* MessagesViewController.swift */ = {isa = PBXFileReference; fileEncoding = 4; lastKnownFileType = sourcecode.swift; path = MessagesViewController.swift; sourceTree = "<group>"; };
		9F9238B11E24F1D2004BEEE0 /* Token.app */ = {isa = PBXFileReference; explicitFileType = wrapper.application; includeInIndex = 0; path = Token.app; sourceTree = BUILT_PRODUCTS_DIR; };
		9F9238B51E24F1D2004BEEE0 /* main.m */ = {isa = PBXFileReference; lastKnownFileType = sourcecode.c.objc; path = main.m; sourceTree = "<group>"; };
		9F9238B71E24F1D2004BEEE0 /* AppDelegate.h */ = {isa = PBXFileReference; lastKnownFileType = sourcecode.c.h; path = AppDelegate.h; sourceTree = "<group>"; };
		9F9238B81E24F1D2004BEEE0 /* AppDelegate.m */ = {isa = PBXFileReference; lastKnownFileType = sourcecode.c.objc; path = AppDelegate.m; sourceTree = "<group>"; };
		9F9238C01E24F1D2004BEEE0 /* Assets.xcassets */ = {isa = PBXFileReference; lastKnownFileType = folder.assetcatalog; path = Assets.xcassets; sourceTree = "<group>"; };
		9F9238C31E24F1D2004BEEE0 /* Base */ = {isa = PBXFileReference; lastKnownFileType = file.storyboard; name = Base; path = Base.lproj/LaunchScreen.storyboard; sourceTree = "<group>"; };
		9F9238C51E24F1D2004BEEE0 /* Info.plist */ = {isa = PBXFileReference; lastKnownFileType = text.plist.xml; path = Info.plist; sourceTree = "<group>"; };
		9F9238D01E24F402004BEEE0 /* Token-Bridging-Header.h */ = {isa = PBXFileReference; lastKnownFileType = sourcecode.c.h; path = "Token-Bridging-Header.h"; sourceTree = "<group>"; };
		9F9238D31E24F42A004BEEE0 /* ChatTableViewCell.swift */ = {isa = PBXFileReference; fileEncoding = 4; lastKnownFileType = sourcecode.swift; path = ChatTableViewCell.swift; sourceTree = "<group>"; };
		9F9238D81E24F604004BEEE0 /* EtherealCereal.framework */ = {isa = PBXFileReference; lastKnownFileType = wrapper.framework; name = EtherealCereal.framework; path = Carthage/Build/iOS/EtherealCereal.framework; sourceTree = SOURCE_ROOT; };
		9F9238D91E24F604004BEEE0 /* JSQMessages.framework */ = {isa = PBXFileReference; lastKnownFileType = wrapper.framework; name = JSQMessages.framework; path = Carthage/Build/iOS/JSQMessages.framework; sourceTree = SOURCE_ROOT; };
		9F9238DA1E24F604004BEEE0 /* Networking.framework */ = {isa = PBXFileReference; lastKnownFileType = wrapper.framework; name = Networking.framework; path = Carthage/Build/iOS/Networking.framework; sourceTree = SOURCE_ROOT; };
		9F9238DB1E24F604004BEEE0 /* SweetFoundation.framework */ = {isa = PBXFileReference; lastKnownFileType = wrapper.framework; name = SweetFoundation.framework; path = Carthage/Build/iOS/SweetFoundation.framework; sourceTree = SOURCE_ROOT; };
		9F9238DC1E24F604004BEEE0 /* SweetUIKit.framework */ = {isa = PBXFileReference; lastKnownFileType = wrapper.framework; name = SweetUIKit.framework; path = Carthage/Build/iOS/SweetUIKit.framework; sourceTree = SOURCE_ROOT; };
		9F9238FA1E24F9BF004BEEE0 /* Cereal.swift */ = {isa = PBXFileReference; fileEncoding = 4; lastKnownFileType = sourcecode.swift; path = Cereal.swift; sourceTree = "<group>"; };
		9FC72A2B1E25098000EF1141 /* AccountManager.swift */ = {isa = PBXFileReference; fileEncoding = 4; lastKnownFileType = sourcecode.swift; path = AccountManager.swift; sourceTree = "<group>"; };
		9FC72A2D1E250ACA00EF1141 /* PromiseKit.framework */ = {isa = PBXFileReference; lastKnownFileType = wrapper.framework; name = PromiseKit.framework; path = Carthage/Build/iOS/PromiseKit.framework; sourceTree = SOURCE_ROOT; };
		9FC72A331E250E2D00EF1141 /* UserBootstrapParameters.swift */ = {isa = PBXFileReference; fileEncoding = 4; lastKnownFileType = sourcecode.swift; path = UserBootstrapParameters.swift; sourceTree = "<group>"; };
		9FC72A381E25145D00EF1141 /* CryptoTools.h */ = {isa = PBXFileReference; fileEncoding = 4; lastKnownFileType = sourcecode.c.h; path = CryptoTools.h; sourceTree = "<group>"; };
		9FC72A391E25145D00EF1141 /* CryptoTools.m */ = {isa = PBXFileReference; fileEncoding = 4; lastKnownFileType = sourcecode.c.objc; path = CryptoTools.m; sourceTree = "<group>"; };
		9FC72A3C1E251ACC00EF1141 /* ChatAPIClient.swift */ = {isa = PBXFileReference; fileEncoding = 4; lastKnownFileType = sourcecode.swift; path = ChatAPIClient.swift; sourceTree = "<group>"; };
		9FC72A421E252CFA00EF1141 /* ContactsManager.h */ = {isa = PBXFileReference; fileEncoding = 4; lastKnownFileType = sourcecode.c.h; path = ContactsManager.h; sourceTree = "<group>"; };
		9FC72A431E252CFA00EF1141 /* ContactsManager.m */ = {isa = PBXFileReference; fileEncoding = 4; lastKnownFileType = sourcecode.c.objc; path = ContactsManager.m; sourceTree = "<group>"; };
		9FCDBAC61E27B37F00A70E07 /* token.cer */ = {isa = PBXFileReference; lastKnownFileType = file; path = token.cer; sourceTree = "<group>"; };
		9FCDBAC81E27C17500A70E07 /* NotificationsManager.h */ = {isa = PBXFileReference; fileEncoding = 4; lastKnownFileType = sourcecode.c.h; path = NotificationsManager.h; sourceTree = "<group>"; };
		9FCDBAC91E27C17500A70E07 /* NotificationsManager.m */ = {isa = PBXFileReference; fileEncoding = 4; lastKnownFileType = sourcecode.c.objc; path = NotificationsManager.m; sourceTree = "<group>"; };
		9FCDBACB1E27C24400A70E07 /* PushManager.h */ = {isa = PBXFileReference; fileEncoding = 4; lastKnownFileType = sourcecode.c.h; path = PushManager.h; sourceTree = "<group>"; };
		9FCDBACC1E27C24400A70E07 /* PushManager.m */ = {isa = PBXFileReference; fileEncoding = 4; lastKnownFileType = sourcecode.c.objc; path = PushManager.m; sourceTree = "<group>"; };
		9FCDBACF1E27C2B200A70E07 /* NotificationTracker.h */ = {isa = PBXFileReference; fileEncoding = 4; lastKnownFileType = sourcecode.c.h; path = NotificationTracker.h; sourceTree = "<group>"; };
		9FCDBAD01E27C2B200A70E07 /* NotificationTracker.m */ = {isa = PBXFileReference; fileEncoding = 4; lastKnownFileType = sourcecode.c.objc; path = NotificationTracker.m; sourceTree = "<group>"; };
		9FCDBAD31E27DE8800A70E07 /* Yap.swift */ = {isa = PBXFileReference; fileEncoding = 4; lastKnownFileType = sourcecode.swift; path = Yap.swift; sourceTree = "<group>"; };
		9FCDBAD51E28D46E00A70E07 /* KeychainSwift.framework */ = {isa = PBXFileReference; lastKnownFileType = wrapper.framework; path = KeychainSwift.framework; sourceTree = "<group>"; };
		9FCDBAD81E28D7D800A70E07 /* idAPIClient.swift */ = {isa = PBXFileReference; fileEncoding = 4; lastKnownFileType = sourcecode.swift; path = idAPIClient.swift; sourceTree = "<group>"; };
		9FCDBADA1E28D97D00A70E07 /* UserIDRegistrationParameters.swift */ = {isa = PBXFileReference; fileEncoding = 4; lastKnownFileType = sourcecode.swift; path = UserIDRegistrationParameters.swift; sourceTree = "<group>"; };
		9FCDBADC1E28E57100A70E07 /* User.swift */ = {isa = PBXFileReference; fileEncoding = 4; lastKnownFileType = sourcecode.swift; path = User.swift; sourceTree = "<group>"; };
		9FCDBADE1E28E6DC00A70E07 /* TabBarController.swift */ = {isa = PBXFileReference; fileEncoding = 4; lastKnownFileType = sourcecode.swift; path = TabBarController.swift; sourceTree = "<group>"; };
		9FCDBAE01E28E71900A70E07 /* ContactsController.swift */ = {isa = PBXFileReference; fileEncoding = 4; lastKnownFileType = sourcecode.swift; path = ContactsController.swift; sourceTree = "<group>"; };
		9FCDBAE11E28E71900A70E07 /* ExtensionsController.swift */ = {isa = PBXFileReference; fileEncoding = 4; lastKnownFileType = sourcecode.swift; path = ExtensionsController.swift; sourceTree = "<group>"; };
		9FCDBAE21E28E71900A70E07 /* ProfileController.swift */ = {isa = PBXFileReference; fileEncoding = 4; lastKnownFileType = sourcecode.swift; path = ProfileController.swift; sourceTree = "<group>"; };
		9FCDBAE91E28FD5C00A70E07 /* Theme.swift */ = {isa = PBXFileReference; fileEncoding = 4; lastKnownFileType = sourcecode.swift; path = Theme.swift; sourceTree = "<group>"; };
		9FCDBAEB1E28FE4100A70E07 /* RootNavigationController.swift */ = {isa = PBXFileReference; fileEncoding = 4; lastKnownFileType = sourcecode.swift; path = RootNavigationController.swift; sourceTree = "<group>"; };
		9FCDBAED1E29020100A70E07 /* Reveal.framework */ = {isa = PBXFileReference; lastKnownFileType = wrapper.framework; path = Reveal.framework; sourceTree = "<group>"; };
		B56D514812BE4D6224F99101 /* Pods-CocoaPods-Token.debug.xcconfig */ = {isa = PBXFileReference; includeInIndex = 1; lastKnownFileType = text.xcconfig; name = "Pods-CocoaPods-Token.debug.xcconfig"; path = "Pods/Target Support Files/Pods-CocoaPods-Token/Pods-CocoaPods-Token.debug.xcconfig"; sourceTree = "<group>"; };
/* End PBXFileReference section */

/* Begin PBXFrameworksBuildPhase section */
		9F9238AE1E24F1D2004BEEE0 /* Frameworks */ = {
			isa = PBXFrameworksBuildPhase;
			buildActionMask = 2147483647;
			files = (
				139D3D551532132DEF30798A /* libPods-CocoaPods-Token.a in Frameworks */,
				9F9238E31E24F604004BEEE0 /* SweetFoundation.framework in Frameworks */,
				9F9238E21E24F604004BEEE0 /* Networking.framework in Frameworks */,
				9FCDBAEE1E29020100A70E07 /* Reveal.framework in Frameworks */,
				9F9238E01E24F604004BEEE0 /* EtherealCereal.framework in Frameworks */,
				9FCDBAD61E28D46E00A70E07 /* KeychainSwift.framework in Frameworks */,
				9F9238E11E24F604004BEEE0 /* JSQMessages.framework in Frameworks */,
				9FC72A2E1E250ACA00EF1141 /* PromiseKit.framework in Frameworks */,
				9F9238E41E24F604004BEEE0 /* SweetUIKit.framework in Frameworks */,
			);
			runOnlyForDeploymentPostprocessing = 0;
		};
/* End PBXFrameworksBuildPhase section */

/* Begin PBXGroup section */
		02F22607A5FE0B570D587433 /* Pods */ = {
			isa = PBXGroup;
			children = (
				B56D514812BE4D6224F99101 /* Pods-CocoaPods-Token.debug.xcconfig */,
				3BB9C4D974A425E4ED6CCF4B /* Pods-CocoaPods-Token.release.xcconfig */,
			);
			name = Pods;
			sourceTree = "<group>";
		};
		27842ECF00E36BC79A5918DA /* Frameworks */ = {
			isa = PBXGroup;
			children = (
				9DBE29B1DAF5045495225177 /* libPods-CocoaPods-Token.a */,
			);
			name = Frameworks;
			sourceTree = "<group>";
		};
		9F9238A81E24F1D2004BEEE0 = {
			isa = PBXGroup;
			children = (
				9F9238B31E24F1D2004BEEE0 /* Token */,
				9F9238B21E24F1D2004BEEE0 /* Products */,
				02F22607A5FE0B570D587433 /* Pods */,
				27842ECF00E36BC79A5918DA /* Frameworks */,
			);
			sourceTree = "<group>";
		};
		9F9238B21E24F1D2004BEEE0 /* Products */ = {
			isa = PBXGroup;
			children = (
				9F9238B11E24F1D2004BEEE0 /* Token.app */,
			);
			name = Products;
			sourceTree = "<group>";
		};
		9F9238B31E24F1D2004BEEE0 /* Token */ = {
			isa = PBXGroup;
			children = (
				9F9238D51E24F5FE004BEEE0 /* Vendor */,
				9FCDBAE81E28FD5600A70E07 /* Theme */,
				9FC72A3B1E251ABE00EF1141 /* APIClients */,
				9F9238CF1E24F3F1004BEEE0 /* Models */,
				9F9238CE1E24F3EB004BEEE0 /* Views */,
				9F9238CD1E24F3DE004BEEE0 /* Controllers */,
				9F9238CC1E24F3D9004BEEE0 /* Resources */,
				9F9238B41E24F1D2004BEEE0 /* Supporting Files */,
			);
			path = Token;
			sourceTree = "<group>";
		};
		9F9238B41E24F1D2004BEEE0 /* Supporting Files */ = {
			isa = PBXGroup;
			children = (
				9F9238B71E24F1D2004BEEE0 /* AppDelegate.h */,
				9F9238B81E24F1D2004BEEE0 /* AppDelegate.m */,
				9F9238B51E24F1D2004BEEE0 /* main.m */,
			);
			name = "Supporting Files";
			sourceTree = "<group>";
		};
		9F9238CC1E24F3D9004BEEE0 /* Resources */ = {
			isa = PBXGroup;
			children = (
				9FCDBAC61E27B37F00A70E07 /* token.cer */,
				9F9238D01E24F402004BEEE0 /* Token-Bridging-Header.h */,
				9F9238C01E24F1D2004BEEE0 /* Assets.xcassets */,
				9F9238C21E24F1D2004BEEE0 /* LaunchScreen.storyboard */,
				9F9238C51E24F1D2004BEEE0 /* Info.plist */,
			);
			name = Resources;
			sourceTree = "<group>";
		};
		9F9238CD1E24F3DE004BEEE0 /* Controllers */ = {
			isa = PBXGroup;
			children = (
				9FCDBAEF1E29063500A70E07 /* Messaging */,
				9FCDBADE1E28E6DC00A70E07 /* TabBarController.swift */,
				9FCDBAE01E28E71900A70E07 /* ContactsController.swift */,
				9FCDBAE11E28E71900A70E07 /* ExtensionsController.swift */,
				9FCDBAE21E28E71900A70E07 /* ProfileController.swift */,
				9FCDBAEB1E28FE4100A70E07 /* RootNavigationController.swift */,
			);
			name = Controllers;
			sourceTree = "<group>";
		};
		9F9238CE1E24F3EB004BEEE0 /* Views */ = {
			isa = PBXGroup;
			children = (
				9F9238D31E24F42A004BEEE0 /* ChatTableViewCell.swift */,
			);
			name = Views;
			sourceTree = "<group>";
		};
		9F9238CF1E24F3F1004BEEE0 /* Models */ = {
			isa = PBXGroup;
			children = (
				9FCDBACE1E27C24900A70E07 /* Notifications */,
				9F9238FA1E24F9BF004BEEE0 /* Cereal.swift */,
				9FC72A2B1E25098000EF1141 /* AccountManager.swift */,
				9FC72A331E250E2D00EF1141 /* UserBootstrapParameters.swift */,
				9FCDBADA1E28D97D00A70E07 /* UserIDRegistrationParameters.swift */,
				9FC72A381E25145D00EF1141 /* CryptoTools.h */,
				9FCDBAD31E27DE8800A70E07 /* Yap.swift */,
				9FC72A391E25145D00EF1141 /* CryptoTools.m */,
				9FC72A421E252CFA00EF1141 /* ContactsManager.h */,
				9FC72A431E252CFA00EF1141 /* ContactsManager.m */,
				9FCDBADC1E28E57100A70E07 /* User.swift */,
			);
			name = Models;
			sourceTree = "<group>";
		};
		9F9238D51E24F5FE004BEEE0 /* Vendor */ = {
			isa = PBXGroup;
			children = (
				9FCDBAED1E29020100A70E07 /* Reveal.framework */,
				9FCDBAD51E28D46E00A70E07 /* KeychainSwift.framework */,
				9FC72A2D1E250ACA00EF1141 /* PromiseKit.framework */,
				9F9238D81E24F604004BEEE0 /* EtherealCereal.framework */,
				9F9238D91E24F604004BEEE0 /* JSQMessages.framework */,
				9F9238DA1E24F604004BEEE0 /* Networking.framework */,
				9F9238DB1E24F604004BEEE0 /* SweetFoundation.framework */,
				9F9238DC1E24F604004BEEE0 /* SweetUIKit.framework */,
			);
			name = Vendor;
			sourceTree = "<group>";
		};
		9FC72A3B1E251ABE00EF1141 /* APIClients */ = {
			isa = PBXGroup;
			children = (
				9FC72A3C1E251ACC00EF1141 /* ChatAPIClient.swift */,
				9FCDBAD81E28D7D800A70E07 /* idAPIClient.swift */,
				14D3E6A01E2E5A1800AE7691 /* EthereumAPIClient.swift */,
			);
			name = APIClients;
			sourceTree = "<group>";
		};
		9FCDBACE1E27C24900A70E07 /* Notifications */ = {
			isa = PBXGroup;
			children = (
				9FCDBACF1E27C2B200A70E07 /* NotificationTracker.h */,
				9FCDBAD01E27C2B200A70E07 /* NotificationTracker.m */,
				9FCDBACB1E27C24400A70E07 /* PushManager.h */,
				9FCDBACC1E27C24400A70E07 /* PushManager.m */,
				9FCDBAC81E27C17500A70E07 /* NotificationsManager.h */,
				9FCDBAC91E27C17500A70E07 /* NotificationsManager.m */,
			);
			name = Notifications;
			sourceTree = "<group>";
		};
		9FCDBAE81E28FD5600A70E07 /* Theme */ = {
			isa = PBXGroup;
			children = (
				9FCDBAE91E28FD5C00A70E07 /* Theme.swift */,
			);
			name = Theme;
			sourceTree = "<group>";
		};
		9FCDBAEF1E29063500A70E07 /* Messaging */ = {
			isa = PBXGroup;
			children = (
				9F5F29751E26772B00C652A3 /* ChatsTableController.swift */,
				9F5F29781E26774100C652A3 /* MessagingNavigationController.swift */,
				9F5F297D1E2677F200C652A3 /* MessagesViewController.swift */,
				141D1D2A1E2D035F0047A306 /* MessagesEthereumView.swift */,
			);
			name = Messaging;
			sourceTree = "<group>";
		};
/* End PBXGroup section */

/* Begin PBXNativeTarget section */
		9F9238B01E24F1D2004BEEE0 /* Token */ = {
			isa = PBXNativeTarget;
			buildConfigurationList = 9F9238C81E24F1D2004BEEE0 /* Build configuration list for PBXNativeTarget "Token" */;
			buildPhases = (
				A60616B32F3DFBA34E41DD0A /* [CP] Check Pods Manifest.lock */,
				9F9238AD1E24F1D2004BEEE0 /* Sources */,
				9F9238AE1E24F1D2004BEEE0 /* Frameworks */,
				9F9238AF1E24F1D2004BEEE0 /* Resources */,
				1A96D4AA10758279407D66D4 /* [CP] Embed Pods Frameworks */,
				F7C3CF3D4D32E134D0E12128 /* [CP] Copy Pods Resources */,
				9F9238E61E24F6A5004BEEE0 /* Copy Carthage Frameworks */,
			);
			buildRules = (
			);
			dependencies = (
			);
			name = Token;
			productName = Token;
			productReference = 9F9238B11E24F1D2004BEEE0 /* Token.app */;
			productType = "com.apple.product-type.application";
		};
/* End PBXNativeTarget section */

/* Begin PBXProject section */
		9F9238A91E24F1D2004BEEE0 /* Project object */ = {
			isa = PBXProject;
			attributes = {
				LastUpgradeCheck = 0820;
				ORGANIZATIONNAME = "Bakken&Bæck";
				TargetAttributes = {
					9F9238B01E24F1D2004BEEE0 = {
						CreatedOnToolsVersion = 8.2.1;
						DevelopmentTeam = 29X3GG489T;
						LastSwiftMigration = 0820;
						ProvisioningStyle = Automatic;
					};
				};
			};
			buildConfigurationList = 9F9238AC1E24F1D2004BEEE0 /* Build configuration list for PBXProject "Token" */;
			compatibilityVersion = "Xcode 3.2";
			developmentRegion = English;
			hasScannedForEncodings = 0;
			knownRegions = (
				en,
				Base,
			);
			mainGroup = 9F9238A81E24F1D2004BEEE0;
			productRefGroup = 9F9238B21E24F1D2004BEEE0 /* Products */;
			projectDirPath = "";
			projectRoot = "";
			targets = (
				9F9238B01E24F1D2004BEEE0 /* Token */,
			);
		};
/* End PBXProject section */

/* Begin PBXResourcesBuildPhase section */
		9F9238AF1E24F1D2004BEEE0 /* Resources */ = {
			isa = PBXResourcesBuildPhase;
			buildActionMask = 2147483647;
			files = (
				9FCDBAC71E27B3AE00A70E07 /* token.cer in Resources */,
				9F9238C41E24F1D2004BEEE0 /* LaunchScreen.storyboard in Resources */,
				9F9238C11E24F1D2004BEEE0 /* Assets.xcassets in Resources */,
			);
			runOnlyForDeploymentPostprocessing = 0;
		};
/* End PBXResourcesBuildPhase section */

/* Begin PBXShellScriptBuildPhase section */
		1A96D4AA10758279407D66D4 /* [CP] Embed Pods Frameworks */ = {
			isa = PBXShellScriptBuildPhase;
			buildActionMask = 2147483647;
			files = (
			);
			inputPaths = (
			);
			name = "[CP] Embed Pods Frameworks";
			outputPaths = (
			);
			runOnlyForDeploymentPostprocessing = 0;
			shellPath = /bin/sh;
			shellScript = "\"${SRCROOT}/Pods/Target Support Files/Pods-CocoaPods-Token/Pods-CocoaPods-Token-frameworks.sh\"\n";
			showEnvVarsInLog = 0;
		};
		A60616B32F3DFBA34E41DD0A /* [CP] Check Pods Manifest.lock */ = {
			isa = PBXShellScriptBuildPhase;
			buildActionMask = 2147483647;
			files = (
			);
			inputPaths = (
			);
			name = "[CP] Check Pods Manifest.lock";
			outputPaths = (
			);
			runOnlyForDeploymentPostprocessing = 0;
			shellPath = /bin/sh;
			shellScript = "diff \"${PODS_ROOT}/../Podfile.lock\" \"${PODS_ROOT}/Manifest.lock\" > /dev/null\nif [ $? != 0 ] ; then\n    # print error to STDERR\n    echo \"error: The sandbox is not in sync with the Podfile.lock. Run 'pod install' or update your CocoaPods installation.\" >&2\n    exit 1\nfi\n";
			showEnvVarsInLog = 0;
		};
		F7C3CF3D4D32E134D0E12128 /* [CP] Copy Pods Resources */ = {
			isa = PBXShellScriptBuildPhase;
			buildActionMask = 2147483647;
			files = (
			);
			inputPaths = (
			);
			name = "[CP] Copy Pods Resources";
			outputPaths = (
			);
			runOnlyForDeploymentPostprocessing = 0;
			shellPath = /bin/sh;
			shellScript = "\"${SRCROOT}/Pods/Target Support Files/Pods-CocoaPods-Token/Pods-CocoaPods-Token-resources.sh\"\n";
			showEnvVarsInLog = 0;
		};
/* End PBXShellScriptBuildPhase section */

/* Begin PBXSourcesBuildPhase section */
		9F9238AD1E24F1D2004BEEE0 /* Sources */ = {
			isa = PBXSourcesBuildPhase;
			buildActionMask = 2147483647;
			files = (
				9FCDBACA1E27C17500A70E07 /* NotificationsManager.m in Sources */,
				9FCDBAD41E27DE8800A70E07 /* Yap.swift in Sources */,
				9FCDBADB1E28D97D00A70E07 /* UserIDRegistrationParameters.swift in Sources */,
				9FCDBAEC1E28FE4100A70E07 /* RootNavigationController.swift in Sources */,
				9FCDBAD91E28D7D800A70E07 /* idAPIClient.swift in Sources */,
				9F5F297A1E26774100C652A3 /* MessagingNavigationController.swift in Sources */,
				9FC72A441E252CFA00EF1141 /* ContactsManager.m in Sources */,
				9FCDBAE31E28E71900A70E07 /* ContactsController.swift in Sources */,
				9FCDBAE51E28E71900A70E07 /* ProfileController.swift in Sources */,
				9F9238D41E24F42A004BEEE0 /* ChatTableViewCell.swift in Sources */,
				9FCDBAEA1E28FD5C00A70E07 /* Theme.swift in Sources */,
				9FC72A3A1E25145D00EF1141 /* CryptoTools.m in Sources */,
				9FC72A3D1E251ACC00EF1141 /* ChatAPIClient.swift in Sources */,
				9FCDBACD1E27C24400A70E07 /* PushManager.m in Sources */,
				9F9238FB1E24F9BF004BEEE0 /* Cereal.swift in Sources */,
				9F5F297E1E2677F200C652A3 /* MessagesViewController.swift in Sources */,
				9FC72A341E250E2D00EF1141 /* UserBootstrapParameters.swift in Sources */,
				9F9238B91E24F1D2004BEEE0 /* AppDelegate.m in Sources */,
				14D3E6A11E2E5A1800AE7691 /* EthereumAPIClient.swift in Sources */,
				9FCDBADD1E28E57100A70E07 /* User.swift in Sources */,
				141D1D2B1E2D035F0047A306 /* MessagesEthereumView.swift in Sources */,
				9F9238B61E24F1D2004BEEE0 /* main.m in Sources */,
				9F5F29761E26772B00C652A3 /* ChatsTableController.swift in Sources */,
				9FCDBADF1E28E6DC00A70E07 /* TabBarController.swift in Sources */,
				9FCDBAD11E27C2B200A70E07 /* NotificationTracker.m in Sources */,
				9FCDBAE41E28E71900A70E07 /* ExtensionsController.swift in Sources */,
			);
			runOnlyForDeploymentPostprocessing = 0;
		};
/* End PBXSourcesBuildPhase section */

/* Begin PBXVariantGroup section */
		9F9238C21E24F1D2004BEEE0 /* LaunchScreen.storyboard */ = {
			isa = PBXVariantGroup;
			children = (
				9F9238C31E24F1D2004BEEE0 /* Base */,
			);
			name = LaunchScreen.storyboard;
			sourceTree = "<group>";
		};
/* End PBXVariantGroup section */

/* Begin XCBuildConfiguration section */
		9F9238C61E24F1D2004BEEE0 /* Debug */ = {
			isa = XCBuildConfiguration;
			buildSettings = {
				ALWAYS_SEARCH_USER_PATHS = NO;
				CLANG_ANALYZER_NONNULL = YES;
				CLANG_CXX_LANGUAGE_STANDARD = "gnu++0x";
				CLANG_CXX_LIBRARY = "libc++";
				CLANG_ENABLE_MODULES = YES;
				CLANG_ENABLE_OBJC_ARC = YES;
				CLANG_WARN_BOOL_CONVERSION = YES;
				CLANG_WARN_CONSTANT_CONVERSION = YES;
				CLANG_WARN_DIRECT_OBJC_ISA_USAGE = YES_ERROR;
				CLANG_WARN_DOCUMENTATION_COMMENTS = YES;
				CLANG_WARN_EMPTY_BODY = YES;
				CLANG_WARN_ENUM_CONVERSION = YES;
				CLANG_WARN_INFINITE_RECURSION = YES;
				CLANG_WARN_INT_CONVERSION = YES;
				CLANG_WARN_OBJC_ROOT_CLASS = YES_ERROR;
				CLANG_WARN_SUSPICIOUS_MOVE = YES;
				CLANG_WARN_UNREACHABLE_CODE = YES;
				CLANG_WARN__DUPLICATE_METHOD_MATCH = YES;
				"CODE_SIGN_IDENTITY[sdk=iphoneos*]" = "iPhone Developer";
				COPY_PHASE_STRIP = NO;
				DEBUG_INFORMATION_FORMAT = dwarf;
				ENABLE_STRICT_OBJC_MSGSEND = YES;
				ENABLE_TESTABILITY = YES;
				GCC_C_LANGUAGE_STANDARD = gnu99;
				GCC_DYNAMIC_NO_PIC = NO;
				GCC_NO_COMMON_BLOCKS = YES;
				GCC_OPTIMIZATION_LEVEL = 0;
				GCC_PREPROCESSOR_DEFINITIONS = (
					"DEBUG=1",
					"$(inherited)",
				);
				GCC_WARN_64_TO_32_BIT_CONVERSION = YES;
				GCC_WARN_ABOUT_RETURN_TYPE = YES_ERROR;
				GCC_WARN_UNDECLARED_SELECTOR = YES;
				GCC_WARN_UNINITIALIZED_AUTOS = YES_AGGRESSIVE;
				GCC_WARN_UNUSED_FUNCTION = YES;
				GCC_WARN_UNUSED_VARIABLE = YES;
				IPHONEOS_DEPLOYMENT_TARGET = 10.2;
				MTL_ENABLE_DEBUG_INFO = YES;
				ONLY_ACTIVE_ARCH = YES;
				SDKROOT = iphoneos;
				TARGETED_DEVICE_FAMILY = "1,2";
			};
			name = Debug;
		};
		9F9238C71E24F1D2004BEEE0 /* Release */ = {
			isa = XCBuildConfiguration;
			buildSettings = {
				ALWAYS_SEARCH_USER_PATHS = NO;
				CLANG_ANALYZER_NONNULL = YES;
				CLANG_CXX_LANGUAGE_STANDARD = "gnu++0x";
				CLANG_CXX_LIBRARY = "libc++";
				CLANG_ENABLE_MODULES = YES;
				CLANG_ENABLE_OBJC_ARC = YES;
				CLANG_WARN_BOOL_CONVERSION = YES;
				CLANG_WARN_CONSTANT_CONVERSION = YES;
				CLANG_WARN_DIRECT_OBJC_ISA_USAGE = YES_ERROR;
				CLANG_WARN_DOCUMENTATION_COMMENTS = YES;
				CLANG_WARN_EMPTY_BODY = YES;
				CLANG_WARN_ENUM_CONVERSION = YES;
				CLANG_WARN_INFINITE_RECURSION = YES;
				CLANG_WARN_INT_CONVERSION = YES;
				CLANG_WARN_OBJC_ROOT_CLASS = YES_ERROR;
				CLANG_WARN_SUSPICIOUS_MOVE = YES;
				CLANG_WARN_UNREACHABLE_CODE = YES;
				CLANG_WARN__DUPLICATE_METHOD_MATCH = YES;
				"CODE_SIGN_IDENTITY[sdk=iphoneos*]" = "iPhone Developer";
				COPY_PHASE_STRIP = NO;
				DEBUG_INFORMATION_FORMAT = "dwarf-with-dsym";
				ENABLE_NS_ASSERTIONS = NO;
				ENABLE_STRICT_OBJC_MSGSEND = YES;
				GCC_C_LANGUAGE_STANDARD = gnu99;
				GCC_NO_COMMON_BLOCKS = YES;
				GCC_WARN_64_TO_32_BIT_CONVERSION = YES;
				GCC_WARN_ABOUT_RETURN_TYPE = YES_ERROR;
				GCC_WARN_UNDECLARED_SELECTOR = YES;
				GCC_WARN_UNINITIALIZED_AUTOS = YES_AGGRESSIVE;
				GCC_WARN_UNUSED_FUNCTION = YES;
				GCC_WARN_UNUSED_VARIABLE = YES;
				IPHONEOS_DEPLOYMENT_TARGET = 10.2;
				MTL_ENABLE_DEBUG_INFO = NO;
				SDKROOT = iphoneos;
				SWIFT_OPTIMIZATION_LEVEL = "-Owholemodule";
				TARGETED_DEVICE_FAMILY = "1,2";
				VALIDATE_PRODUCT = YES;
			};
			name = Release;
		};
		9F9238C91E24F1D2004BEEE0 /* Debug */ = {
			isa = XCBuildConfiguration;
			baseConfigurationReference = B56D514812BE4D6224F99101 /* Pods-CocoaPods-Token.debug.xcconfig */;
			buildSettings = {
				ASSETCATALOG_COMPILER_APPICON_NAME = AppIcon;
				DEVELOPMENT_TEAM = 29X3GG489T;
				FRAMEWORK_SEARCH_PATHS = (
					"$(inherited)",
					"$(PROJECT_DIR)/Carthage/Build/iOS",
					"$(PROJECT_DIR)/Token",
				);
				INFOPLIST_FILE = Token/Info.plist;
				IPHONEOS_DEPLOYMENT_TARGET = 10;
				LD_RUNPATH_SEARCH_PATHS = "$(inherited) @executable_path/Frameworks";
				OTHER_LDFLAGS = (
					"$(inherited)",
					"-lz",
					"-framework",
					Reveal,
					"-ObjC",
					"-l\"25519\"",
					"-l\"AFNetworking\"",
					"-l\"AxolotlKit\"",
					"-l\"CocoaLumberjack\"",
					"-l\"HKDFKit\"",
					"-l\"Mantle\"",
					"-l\"ProtocolBuffers\"",
					"-l\"Reachability\"",
					"-l\"SAMKeychain\"",
					"-l\"SQLCipher\"",
					"-l\"SignalServiceKit\"",
					"-l\"SocketRocket\"",
					"-l\"TwistedOakCollapsingFutures\"",
					"-l\"UnionFind\"",
					"-l\"YapDatabase\"",
					"-l\"c++\"",
					"-l\"icucore\"",
					"-l\"libPhoneNumber-iOS\"",
					"-framework",
					"\"CFNetwork\"",
					"-framework",
					"\"CoreGraphics\"",
					"-framework",
					"\"CoreTelephony\"",
					"-framework",
					"\"Foundation\"",
					"-framework",
					"\"MobileCoreServices\"",
					"-framework",
					"\"Security\"",
					"-framework",
					"\"SystemConfiguration\"",
				);
				PRODUCT_BUNDLE_IDENTIFIER = no.bakkenbaeck.Token;
				PRODUCT_NAME = "$(TARGET_NAME)";
				SWIFT_OBJC_BRIDGING_HEADER = "Token/Token-Bridging-Header.h";
				SWIFT_OPTIMIZATION_LEVEL = "-Onone";
				SWIFT_VERSION = 3.0;
				TARGETED_DEVICE_FAMILY = 1;
			};
			name = Debug;
		};
		9F9238CA1E24F1D2004BEEE0 /* Release */ = {
			isa = XCBuildConfiguration;
			baseConfigurationReference = 3BB9C4D974A425E4ED6CCF4B /* Pods-CocoaPods-Token.release.xcconfig */;
			buildSettings = {
				ASSETCATALOG_COMPILER_APPICON_NAME = AppIcon;
				DEVELOPMENT_TEAM = 29X3GG489T;
				FRAMEWORK_SEARCH_PATHS = (
					"$(inherited)",
					"$(PROJECT_DIR)/Carthage/Build/iOS",
					"$(PROJECT_DIR)/Token",
				);
				INFOPLIST_FILE = Token/Info.plist;
				IPHONEOS_DEPLOYMENT_TARGET = 10;
				LD_RUNPATH_SEARCH_PATHS = "$(inherited) @executable_path/Frameworks";
				OTHER_LDFLAGS = (
					"$(inherited)",
					"-lz",
					"-framework",
					Reveal,
					"-ObjC",
					"-l\"25519\"",
					"-l\"AFNetworking\"",
					"-l\"AxolotlKit\"",
					"-l\"CocoaLumberjack\"",
					"-l\"HKDFKit\"",
					"-l\"Mantle\"",
					"-l\"ProtocolBuffers\"",
					"-l\"Reachability\"",
					"-l\"SAMKeychain\"",
					"-l\"SQLCipher\"",
					"-l\"SignalServiceKit\"",
					"-l\"SocketRocket\"",
					"-l\"TwistedOakCollapsingFutures\"",
					"-l\"UnionFind\"",
					"-l\"YapDatabase\"",
					"-l\"c++\"",
					"-l\"icucore\"",
					"-l\"libPhoneNumber-iOS\"",
					"-framework",
					"\"CFNetwork\"",
					"-framework",
					"\"CoreGraphics\"",
					"-framework",
					"\"CoreTelephony\"",
					"-framework",
					"\"Foundation\"",
					"-framework",
					"\"MobileCoreServices\"",
					"-framework",
					"\"Security\"",
					"-framework",
					"\"SystemConfiguration\"",
				);
				PRODUCT_BUNDLE_IDENTIFIER = no.bakkenbaeck.Token;
				PRODUCT_NAME = "$(TARGET_NAME)";
				SWIFT_OBJC_BRIDGING_HEADER = "Token/Token-Bridging-Header.h";
				SWIFT_VERSION = 3.0;
				TARGETED_DEVICE_FAMILY = 1;
			};
			name = Release;
		};
/* End XCBuildConfiguration section */

/* Begin XCConfigurationList section */
		9F9238AC1E24F1D2004BEEE0 /* Build configuration list for PBXProject "Token" */ = {
			isa = XCConfigurationList;
			buildConfigurations = (
				9F9238C61E24F1D2004BEEE0 /* Debug */,
				9F9238C71E24F1D2004BEEE0 /* Release */,
			);
			defaultConfigurationIsVisible = 0;
			defaultConfigurationName = Release;
		};
		9F9238C81E24F1D2004BEEE0 /* Build configuration list for PBXNativeTarget "Token" */ = {
			isa = XCConfigurationList;
			buildConfigurations = (
				9F9238C91E24F1D2004BEEE0 /* Debug */,
				9F9238CA1E24F1D2004BEEE0 /* Release */,
			);
			defaultConfigurationIsVisible = 0;
			defaultConfigurationName = Release;
		};
/* End XCConfigurationList section */
	};
	rootObject = 9F9238A91E24F1D2004BEEE0 /* Project object */;
}
